# THIS IS AN AUTOGENERATED FILE. DO NOT EDIT THIS FILE DIRECTLY.
# yarn lockfile v1


"@babel/runtime@^7.5.5":
  version "7.12.5"
  resolved "https://registry.yarnpkg.com/@babel/runtime/-/runtime-7.12.5.tgz#410e7e487441e1b360c29be715d870d9b985882e"
  integrity sha512-plcc+hbExy3McchJCEQG3knOsuh3HH+Prx1P6cLIkET/0dLuQDEnrT+s27Axgc9bqfsmNUNHfscgMUdBpC9xfg==
  dependencies:
    regenerator-runtime "^0.13.4"

"@videojs/vhs-utils@^2.2.1":
  version "2.2.1"
  resolved "https://registry.yarnpkg.com/@videojs/vhs-utils/-/vhs-utils-2.2.1.tgz#78ecea26652268646d5003b1b1a705c9b544f8a2"
  integrity sha512-9Qbwx3LAdkG1jh2HKfninjXDxVZCeaoPcmct/bUcDRmLej68Z9XhLe5d2a9fy1qB+UuQwWg7YySASesWavYNjQ==
  dependencies:
    "@babel/runtime" "^7.5.5"
    global "^4.3.2"
    url-toolkit "^2.1.6"

axios@^0.21.0:
  version "0.21.0"
  resolved "https://registry.yarnpkg.com/axios/-/axios-0.21.0.tgz#26df088803a2350dff2c27f96fef99fe49442aca"
  integrity sha512-fmkJBknJKoZwem3/IKSSLpkdNXZeBu5Q7GA/aRsr2btgrptmSCxi2oFjZHqGdK9DoTil9PIHlPIZw2EcRJXRvw==
  dependencies:
    follow-redirects "^1.10.0"

dayjs@^1.9.6:
  version "1.9.6"
  resolved "https://registry.yarnpkg.com/dayjs/-/dayjs-1.9.6.tgz#6f0c77d76ac1ff63720dd1197e5cb87b67943d70"
  integrity sha512-HngNLtPEBWRo8EFVmHFmSXAjtCX8rGNqeXQI0Gh7wCTSqwaKgPIDqu9m07wABVopNwzvOeCb+2711vQhDlcIXw==

dom-walk@^0.1.0:
  version "0.1.2"
  resolved "https://registry.yarnpkg.com/dom-walk/-/dom-walk-0.1.2.tgz#0c548bef048f4d1f2a97249002236060daa3fd84"
  integrity sha512-6QvTW9mrGeIegrFXdtQi9pk7O/nSK6lSdXW2eqUspN5LWD7UTji2Fqw5V2YLjBpHEoU9Xl/eUWNpDeZvoyOv2w==

follow-redirects@^1.10.0:
  version "1.13.0"
  resolved "https://registry.yarnpkg.com/follow-redirects/-/follow-redirects-1.13.0.tgz#b42e8d93a2a7eea5ed88633676d6597bc8e384db"
  integrity sha512-aq6gF1BEKje4a9i9+5jimNFIpq4Q1WiwBToeRK5NvZBd/TRsmW8BsJfOEGkr76TbOyPVD3OVDN910EcUNtRYEA==

global@^4.3.2:
  version "4.4.0"
  resolved "https://registry.yarnpkg.com/global/-/global-4.4.0.tgz#3e7b105179006a323ed71aafca3e9c57a5cc6406"
  integrity sha512-wv/LAoHdRE3BeTGz53FAamhGlPLhlssK45usmGFThIi4XqnBmjKQ16u+RNbP7WvigRZDxUsM0J3gcQ5yicaL0w==
  dependencies:
    min-document "^2.19.0"
    process "^0.11.10"

m3u8-parser@^4.5.0:
  version "4.5.0"
  resolved "https://registry.yarnpkg.com/m3u8-parser/-/m3u8-parser-4.5.0.tgz#9c30b32c9b69cc3f81b5e6789717fa84b9fdb9aa"
  integrity sha512-RGm/1WVCX3o1bSWbJGmJUu4zTbtJy8lImtgHM4CESFvJRXYztr1j6SW/q9/ghYOrUjgH7radsIar+z1Leln0sA==
  dependencies:
    "@babel/runtime" "^7.5.5"
    "@videojs/vhs-utils" "^2.2.1"
    global "^4.3.2"

min-document@^2.19.0:
  version "2.19.0"
  resolved "https://registry.yarnpkg.com/min-document/-/min-document-2.19.0.tgz#7bd282e3f5842ed295bb748cdd9f1ffa2c824685"
  integrity sha1-e9KC4/WELtKVu3SM3Z8f+iyCRoU=
  dependencies:
    dom-walk "^0.1.0"

process@^0.11.10:
  version "0.11.10"
  resolved "https://registry.yarnpkg.com/process/-/process-0.11.10.tgz#7332300e840161bda3e69a1d1d91a7d4bc16f182"
  integrity sha1-czIwDoQBYb2j5podHZGn1LwW8YI=

regenerator-runtime@^0.13.4:
  version "0.13.7"
  resolved "https://registry.yarnpkg.com/regenerator-runtime/-/regenerator-runtime-0.13.7.tgz#cac2dacc8a1ea675feaabaeb8ae833898ae46f55"
  integrity sha512-a54FxoJDIr27pgf7IgeQGxmqUNYrcV338lf/6gH456HZ/PhX+5BcwHXG9ajESmwe6WRO0tAzRUrRmNONWgkrew==

url-toolkit@^2.1.6:
  version "2.2.1"
  resolved "https://registry.yarnpkg.com/url-toolkit/-/url-toolkit-2.2.1.tgz#89009ed3d62a3574de079532a7266c14d2cc1c4f"
  integrity sha512-8+DzgrtDZYZGhHaAop5WGVghMdCfOLGbhcArsJD0qDll71FXa7EeKxi2hilPIscn2nwMz4PRjML32Sz4JTN0Xw==
